
Microsoft Visual Studio Solution File, Format Version 12.00
# Visual Studio Version 16
VisualStudioVersion = 16.0.31410.357
MinimumVisualStudioVersion = 10.0.40219.1
Project("{8BC9CEB8-8B4A-11D0-8D11-00A0C91BC942}") = "calculator", "calculator\calculator.vcxproj", "{27A90418-160E-489F-9DCC-4265E84CEF44}"
EndProject
Project("{8BC9CEB8-8B4A-11D0-8D11-00A0C91BC942}") = "testcalculator", "testcalculator\testcalculator.vcxproj", "{A585A7B1-D5F3-4278-89AF-40CC51E8BE0E}"
EndProject
Global
	GlobalSection(SolutionConfigurationPlatforms) = preSolution
		Debug|x64 = Debug|x64
		Debug|x86 = Debug|x86
		Release|x64 = Release|x64
		Release|x86 = Release|x86
	EndGlobalSection
	GlobalSection(ProjectConfigurationPlatforms) = postSolution
		{27A90418-160E-489F-9DCC-4265E84CEF44}.Debug|x64.ActiveCfg = Debug|x64
		{27A90418-160E-489F-9DCC-4265E84CEF44}.Debug|x64.Build.0 = Debug|x64
		{27A90418-160E-489F-9DCC-4265E84CEF44}.Debug|x86.ActiveCfg = Debug|Win32
		{27A90418-160E-489F-9DCC-4265E84CEF44}.Debug|x86.Build.0 = Debug|Win32
		{27A90418-160E-489F-9DCC-4265E84CEF44}.Release|x64.ActiveCfg = Release|x64
		{27A90418-160E-489F-9DCC-4265E84CEF44}.Release|x64.Build.0 = Release|x64
		{27A90418-160E-489F-9DCC-4265E84CEF44}.Release|x86.ActiveCfg = Release|Win32
		{27A90418-160E-489F-9DCC-4265E84CEF44}.Release|x86.Build.0 = Release|Win32
		{A585A7B1-D5F3-4278-89AF-40CC51E8BE0E}.Debug|x64.ActiveCfg = Debug|x64
		{A585A7B1-D5F3-4278-89AF-40CC51E8BE0E}.Debug|x64.Build.0 = Debug|x64
		{A585A7B1-D5F3-4278-89AF-40CC51E8BE0E}.Debug|x86.ActiveCfg = Debug|Win32
		{A585A7B1-D5F3-4278-89AF-40CC51E8BE0E}.Debug|x86.Build.0 = Debug|Win32
		{A585A7B1-D5F3-4278-89AF-40CC51E8BE0E}.Release|x64.ActiveCfg = Release|x64
		{A585A7B1-D5F3-4278-89AF-40CC51E8BE0E}.Release|x64.Build.0 = Release|x64
		{A585A7B1-D5F3-4278-89AF-40CC51E8BE0E}.Release|x86.ActiveCfg = Release|Win32
		{A585A7B1-D5F3-4278-89AF-40CC51E8BE0E}.Release|x86.Build.0 = Release|Win32
	EndGlobalSection
	GlobalSection(SolutionProperties) = preSolution
		HideSolutionNode = FALSE
	EndGlobalSection
	GlobalSection(ExtensibilityGlobals) = postSolution
		SolutionGuid = {EDFCE31E-ECE0-4BCE-A0A7-60F340B6782C}
	EndGlobalSection
EndGlobal
